// !$*UTF8*$!
{
	archiveVersion = 1;
	classes = {
	};
	objectVersion = 51;
	objects = {

/* Begin PBXBuildFile section */
		7FC473EE055D51E24CC98930 /* Pods_MoodTracker.framework in Frameworks */ = {isa = PBXBuildFile; fileRef = FE0AC9BC9B6280E6E8C43C46 /* Pods_MoodTracker.framework */; };
		F12C0F16289152F800E90D73 /* WeekRange.swift in Sources */ = {isa = PBXBuildFile; fileRef = F12C0F15289152F700E90D73 /* WeekRange.swift */; };
		F18774AA28902DFB00631330 /* DateTypeEnum.swift in Sources */ = {isa = PBXBuildFile; fileRef = F18774A928902DFB00631330 /* DateTypeEnum.swift */; };
		F18C2A27288D349300008B07 /* CustomTabBar.swift in Sources */ = {isa = PBXBuildFile; fileRef = F18C2A26288D349300008B07 /* CustomTabBar.swift */; };
		F18ED373288D7196007E33B9 /* NoteEnum.swift in Sources */ = {isa = PBXBuildFile; fileRef = F18ED372288D7196007E33B9 /* NoteEnum.swift */; };
		F1952B7F288A8046005BD0CC /* AttributesFormat.swift in Sources */ = {isa = PBXBuildFile; fileRef = F1952B7E288A8046005BD0CC /* AttributesFormat.swift */; };
		F1952B84288A8135005BD0CC /* DateFormat.swift in Sources */ = {isa = PBXBuildFile; fileRef = F1952B83288A8135005BD0CC /* DateFormat.swift */; };
		F1952B90288A83E7005BD0CC /* MoodState.swift in Sources */ = {isa = PBXBuildFile; fileRef = F1952B8F288A83E7005BD0CC /* MoodState.swift */; };
		F1952B94288A83F3005BD0CC /* MoodReducer.swift in Sources */ = {isa = PBXBuildFile; fileRef = F1952B93288A83F3005BD0CC /* MoodReducer.swift */; };
		F1952B97288A8416005BD0CC /* MoodActions.swift in Sources */ = {isa = PBXBuildFile; fileRef = F1952B96288A8416005BD0CC /* MoodActions.swift */; };
		F1952B9B288A8B38005BD0CC /* TabBarController.swift in Sources */ = {isa = PBXBuildFile; fileRef = F1952B9A288A8B38005BD0CC /* TabBarController.swift */; };
		F19B36C3288E624B0017B50F /* InsightsController.swift in Sources */ = {isa = PBXBuildFile; fileRef = F19B36C2288E624B0017B50F /* InsightsController.swift */; };
		F19B36C9288E91040017B50F /* ASCustomButton.swift in Sources */ = {isa = PBXBuildFile; fileRef = F19B36C8288E91040017B50F /* ASCustomButton.swift */; };
		F19B36CD288ECB600017B50F /* TagTableController.swift in Sources */ = {isa = PBXBuildFile; fileRef = F19B36CC288ECB600017B50F /* TagTableController.swift */; };
		F19B36CF288ECB770017B50F /* TagListNode.swift in Sources */ = {isa = PBXBuildFile; fileRef = F19B36CE288ECB770017B50F /* TagListNode.swift */; };
		F19B36D1288ECC9D0017B50F /* TagCell.swift in Sources */ = {isa = PBXBuildFile; fileRef = F19B36D0288ECC9D0017B50F /* TagCell.swift */; };
		F1BBD06D2888F53000C290B7 /* AddNoteController.swift in Sources */ = {isa = PBXBuildFile; fileRef = F1BBD06C2888F53000C290B7 /* AddNoteController.swift */; };
		F1BBD0702888F54E00C290B7 /* AddNoteNode.swift in Sources */ = {isa = PBXBuildFile; fileRef = F1BBD06F2888F54E00C290B7 /* AddNoteNode.swift */; };
		F1BBD074288902D800C290B7 /* EntriesController.swift in Sources */ = {isa = PBXBuildFile; fileRef = F1BBD073288902D800C290B7 /* EntriesController.swift */; };
		F1BBD077288902ED00C290B7 /* EntriesNode.swift in Sources */ = {isa = PBXBuildFile; fileRef = F1BBD076288902ED00C290B7 /* EntriesNode.swift */; };
		F1BBD07D28890B5700C290B7 /* EntryCell.swift in Sources */ = {isa = PBXBuildFile; fileRef = F1BBD07C28890B5700C290B7 /* EntryCell.swift */; };
		F1BBD080288910AB00C290B7 /* MoodLog.swift in Sources */ = {isa = PBXBuildFile; fileRef = F1BBD07F288910AB00C290B7 /* MoodLog.swift */; };
		F1BC8A1F2887F5B500604C23 /* AppDelegate.swift in Sources */ = {isa = PBXBuildFile; fileRef = F1BC8A1E2887F5B500604C23 /* AppDelegate.swift */; };
		F1BC8A212887F5B500604C23 /* SceneDelegate.swift in Sources */ = {isa = PBXBuildFile; fileRef = F1BC8A202887F5B500604C23 /* SceneDelegate.swift */; };
		F1BC8A232887F5B500604C23 /* NavController.swift in Sources */ = {isa = PBXBuildFile; fileRef = F1BC8A222887F5B500604C23 /* NavController.swift */; };
		F1BC8A262887F5B500604C23 /* Main.storyboard in Resources */ = {isa = PBXBuildFile; fileRef = F1BC8A242887F5B500604C23 /* Main.storyboard */; };
		F1BC8A282887F5B800604C23 /* Assets.xcassets in Resources */ = {isa = PBXBuildFile; fileRef = F1BC8A272887F5B800604C23 /* Assets.xcassets */; };
		F1BC8A2B2887F5B800604C23 /* LaunchScreen.storyboard in Resources */ = {isa = PBXBuildFile; fileRef = F1BC8A292887F5B800604C23 /* LaunchScreen.storyboard */; };
		F1BC8A4328880A6D00604C23 /* AddEditEntryController.swift in Sources */ = {isa = PBXBuildFile; fileRef = F1BC8A4228880A6D00604C23 /* AddEditEntryController.swift */; };
		F1BC8A4928880EC500604C23 /* AddEditEntryNode.swift in Sources */ = {isa = PBXBuildFile; fileRef = F1BC8A4828880EC500604C23 /* AddEditEntryNode.swift */; };
		F1BC8A4F2888344900604C23 /* AddTagsController.swift in Sources */ = {isa = PBXBuildFile; fileRef = F1BC8A4E2888344900604C23 /* AddTagsController.swift */; };
		F1BC8A522888345800604C23 /* AddTagNode.swift in Sources */ = {isa = PBXBuildFile; fileRef = F1BC8A512888345800604C23 /* AddTagNode.swift */; };
/* End PBXBuildFile section */

/* Begin PBXFileReference section */
		AD7AB4BE5EEB43519037FB71 /* Pods-MoodTracker.release.xcconfig */ = {isa = PBXFileReference; includeInIndex = 1; lastKnownFileType = text.xcconfig; name = "Pods-MoodTracker.release.xcconfig"; path = "Target Support Files/Pods-MoodTracker/Pods-MoodTracker.release.xcconfig"; sourceTree = "<group>"; };
		D3C1BEC67B1223406F36E770 /* Pods-MoodTracker.debug.xcconfig */ = {isa = PBXFileReference; includeInIndex = 1; lastKnownFileType = text.xcconfig; name = "Pods-MoodTracker.debug.xcconfig"; path = "Target Support Files/Pods-MoodTracker/Pods-MoodTracker.debug.xcconfig"; sourceTree = "<group>"; };
		F12C0F15289152F700E90D73 /* WeekRange.swift */ = {isa = PBXFileReference; lastKnownFileType = sourcecode.swift; path = WeekRange.swift; sourceTree = "<group>"; };
		F18774A928902DFB00631330 /* DateTypeEnum.swift */ = {isa = PBXFileReference; lastKnownFileType = sourcecode.swift; path = DateTypeEnum.swift; sourceTree = "<group>"; };
		F18C2A26288D349300008B07 /* CustomTabBar.swift */ = {isa = PBXFileReference; lastKnownFileType = sourcecode.swift; path = CustomTabBar.swift; sourceTree = "<group>"; };
		F18ED372288D7196007E33B9 /* NoteEnum.swift */ = {isa = PBXFileReference; lastKnownFileType = sourcecode.swift; path = NoteEnum.swift; sourceTree = "<group>"; };
		F1952B7E288A8046005BD0CC /* AttributesFormat.swift */ = {isa = PBXFileReference; lastKnownFileType = sourcecode.swift; path = AttributesFormat.swift; sourceTree = "<group>"; };
		F1952B83288A8135005BD0CC /* DateFormat.swift */ = {isa = PBXFileReference; lastKnownFileType = sourcecode.swift; path = DateFormat.swift; sourceTree = "<group>"; };
		F1952B8F288A83E7005BD0CC /* MoodState.swift */ = {isa = PBXFileReference; lastKnownFileType = sourcecode.swift; path = MoodState.swift; sourceTree = "<group>"; };
		F1952B93288A83F3005BD0CC /* MoodReducer.swift */ = {isa = PBXFileReference; lastKnownFileType = sourcecode.swift; path = MoodReducer.swift; sourceTree = "<group>"; };
		F1952B96288A8416005BD0CC /* MoodActions.swift */ = {isa = PBXFileReference; lastKnownFileType = sourcecode.swift; path = MoodActions.swift; sourceTree = "<group>"; };
		F1952B9A288A8B38005BD0CC /* TabBarController.swift */ = {isa = PBXFileReference; lastKnownFileType = sourcecode.swift; path = TabBarController.swift; sourceTree = "<group>"; };
		F19B36C2288E624B0017B50F /* InsightsController.swift */ = {isa = PBXFileReference; lastKnownFileType = sourcecode.swift; path = InsightsController.swift; sourceTree = "<group>"; };
		F19B36C8288E91040017B50F /* ASCustomButton.swift */ = {isa = PBXFileReference; lastKnownFileType = sourcecode.swift; path = ASCustomButton.swift; sourceTree = "<group>"; };
		F19B36CC288ECB600017B50F /* TagTableController.swift */ = {isa = PBXFileReference; lastKnownFileType = sourcecode.swift; path = TagTableController.swift; sourceTree = "<group>"; };
		F19B36CE288ECB770017B50F /* TagListNode.swift */ = {isa = PBXFileReference; lastKnownFileType = sourcecode.swift; path = TagListNode.swift; sourceTree = "<group>"; };
		F19B36D0288ECC9D0017B50F /* TagCell.swift */ = {isa = PBXFileReference; lastKnownFileType = sourcecode.swift; path = TagCell.swift; sourceTree = "<group>"; };
		F1BBD06C2888F53000C290B7 /* AddNoteController.swift */ = {isa = PBXFileReference; lastKnownFileType = sourcecode.swift; path = AddNoteController.swift; sourceTree = "<group>"; };
		F1BBD06F2888F54E00C290B7 /* AddNoteNode.swift */ = {isa = PBXFileReference; lastKnownFileType = sourcecode.swift; path = AddNoteNode.swift; sourceTree = "<group>"; };
		F1BBD073288902D800C290B7 /* EntriesController.swift */ = {isa = PBXFileReference; lastKnownFileType = sourcecode.swift; path = EntriesController.swift; sourceTree = "<group>"; };
		F1BBD076288902ED00C290B7 /* EntriesNode.swift */ = {isa = PBXFileReference; lastKnownFileType = sourcecode.swift; path = EntriesNode.swift; sourceTree = "<group>"; };
		F1BBD07C28890B5700C290B7 /* EntryCell.swift */ = {isa = PBXFileReference; lastKnownFileType = sourcecode.swift; path = EntryCell.swift; sourceTree = "<group>"; };
		F1BBD07F288910AB00C290B7 /* MoodLog.swift */ = {isa = PBXFileReference; lastKnownFileType = sourcecode.swift; path = MoodLog.swift; sourceTree = "<group>"; };
		F1BC8A1B2887F5B500604C23 /* MoodTracker.app */ = {isa = PBXFileReference; explicitFileType = wrapper.application; includeInIndex = 0; path = MoodTracker.app; sourceTree = BUILT_PRODUCTS_DIR; };
		F1BC8A1E2887F5B500604C23 /* AppDelegate.swift */ = {isa = PBXFileReference; lastKnownFileType = sourcecode.swift; path = AppDelegate.swift; sourceTree = "<group>"; };
		F1BC8A202887F5B500604C23 /* SceneDelegate.swift */ = {isa = PBXFileReference; lastKnownFileType = sourcecode.swift; path = SceneDelegate.swift; sourceTree = "<group>"; };
		F1BC8A222887F5B500604C23 /* NavController.swift */ = {isa = PBXFileReference; lastKnownFileType = sourcecode.swift; path = NavController.swift; sourceTree = "<group>"; };
		F1BC8A252887F5B500604C23 /* Base */ = {isa = PBXFileReference; lastKnownFileType = file.storyboard; name = Base; path = Base.lproj/Main.storyboard; sourceTree = "<group>"; };
		F1BC8A272887F5B800604C23 /* Assets.xcassets */ = {isa = PBXFileReference; lastKnownFileType = folder.assetcatalog; path = Assets.xcassets; sourceTree = "<group>"; };
		F1BC8A2A2887F5B800604C23 /* Base */ = {isa = PBXFileReference; lastKnownFileType = file.storyboard; name = Base; path = Base.lproj/LaunchScreen.storyboard; sourceTree = "<group>"; };
		F1BC8A2C2887F5B800604C23 /* Info.plist */ = {isa = PBXFileReference; lastKnownFileType = text.plist.xml; path = Info.plist; sourceTree = "<group>"; };
		F1BC8A4228880A6D00604C23 /* AddEditEntryController.swift */ = {isa = PBXFileReference; lastKnownFileType = sourcecode.swift; path = AddEditEntryController.swift; sourceTree = "<group>"; };
		F1BC8A4828880EC500604C23 /* AddEditEntryNode.swift */ = {isa = PBXFileReference; lastKnownFileType = sourcecode.swift; path = AddEditEntryNode.swift; sourceTree = "<group>"; };
		F1BC8A4E2888344900604C23 /* AddTagsController.swift */ = {isa = PBXFileReference; lastKnownFileType = sourcecode.swift; path = AddTagsController.swift; sourceTree = "<group>"; };
		F1BC8A512888345800604C23 /* AddTagNode.swift */ = {isa = PBXFileReference; lastKnownFileType = sourcecode.swift; path = AddTagNode.swift; sourceTree = "<group>"; };
		FE0AC9BC9B6280E6E8C43C46 /* Pods_MoodTracker.framework */ = {isa = PBXFileReference; explicitFileType = wrapper.framework; includeInIndex = 0; path = Pods_MoodTracker.framework; sourceTree = BUILT_PRODUCTS_DIR; };
/* End PBXFileReference section */

/* Begin PBXFrameworksBuildPhase section */
		F1BC8A182887F5B500604C23 /* Frameworks */ = {
			isa = PBXFrameworksBuildPhase;
			buildActionMask = 2147483647;
			files = (
				7FC473EE055D51E24CC98930 /* Pods_MoodTracker.framework in Frameworks */,
			);
			runOnlyForDeploymentPostprocessing = 0;
		};
/* End PBXFrameworksBuildPhase section */

/* Begin PBXGroup section */
		205CDFEF95A17F75B98BCD4B /* Frameworks */ = {
			isa = PBXGroup;
			children = (
				FE0AC9BC9B6280E6E8C43C46 /* Pods_MoodTracker.framework */,
			);
			name = Frameworks;
			sourceTree = "<group>";
		};
		F12C0F17289152FD00E90D73 /* Enum */ = {
			isa = PBXGroup;
			children = (
				F18ED372288D7196007E33B9 /* NoteEnum.swift */,
				F18774A928902DFB00631330 /* DateTypeEnum.swift */,
			);
			path = Enum;
			sourceTree = "<group>";
		};
		F1494EAA288983540042C0E7 /* Formatting */ = {
			isa = PBXGroup;
			children = (
				F1952B7E288A8046005BD0CC /* AttributesFormat.swift */,
				F1952B83288A8135005BD0CC /* DateFormat.swift */,
			);
			path = Formatting;
			sourceTree = "<group>";
		};
		F1952B8E288A839B005BD0CC /* ReSwift */ = {
			isa = PBXGroup;
			children = (
				F1952B8F288A83E7005BD0CC /* MoodState.swift */,
				F1952B96288A8416005BD0CC /* MoodActions.swift */,
				F1952B93288A83F3005BD0CC /* MoodReducer.swift */,
			);
			path = ReSwift;
			sourceTree = "<group>";
		};
		F19B36C7288E90DE0017B50F /* CustomComponent */ = {
			isa = PBXGroup;
			children = (
				F18C2A26288D349300008B07 /* CustomTabBar.swift */,
				F19B36C8288E91040017B50F /* ASCustomButton.swift */,
			);
			path = CustomComponent;
			sourceTree = "<group>";
		};
		F1BBD0792889071300C290B7 /* Table Cell */ = {
			isa = PBXGroup;
			children = (
				F1BBD07C28890B5700C290B7 /* EntryCell.swift */,
				F19B36D0288ECC9D0017B50F /* TagCell.swift */,
			);
			path = "Table Cell";
			sourceTree = "<group>";
		};
		F1BC8A122887F5B500604C23 = {
			isa = PBXGroup;
			children = (
				F1BC8A1D2887F5B500604C23 /* MoodTracker */,
				F1BC8A1C2887F5B500604C23 /* Products */,
				F6578A2BF1EC34DFA3347CA8 /* Pods */,
				205CDFEF95A17F75B98BCD4B /* Frameworks */,
			);
			sourceTree = "<group>";
		};
		F1BC8A1C2887F5B500604C23 /* Products */ = {
			isa = PBXGroup;
			children = (
				F1BC8A1B2887F5B500604C23 /* MoodTracker.app */,
			);
			name = Products;
			sourceTree = "<group>";
		};
		F1BC8A1D2887F5B500604C23 /* MoodTracker */ = {
			isa = PBXGroup;
			children = (
				F1BC8A1E2887F5B500604C23 /* AppDelegate.swift */,
				F1BC8A202887F5B500604C23 /* SceneDelegate.swift */,
				F1952B8E288A839B005BD0CC /* ReSwift */,
				F1BC8A40288806BB00604C23 /* Model */,
				F1BC8A3E2887FC5A00604C23 /* View */,
				F1BC8A3C2887FC0300604C23 /* Controller */,
				F1BC8A2C2887F5B800604C23 /* Info.plist */,
			);
			path = MoodTracker;
			sourceTree = "<group>";
		};
		F1BC8A3C2887FC0300604C23 /* Controller */ = {
			isa = PBXGroup;
			children = (
				F1BC8A222887F5B500604C23 /* NavController.swift */,
				F1BC8A4228880A6D00604C23 /* AddEditEntryController.swift */,
				F1BC8A4E2888344900604C23 /* AddTagsController.swift */,
				F1BBD06C2888F53000C290B7 /* AddNoteController.swift */,
				F1952B9A288A8B38005BD0CC /* TabBarController.swift */,
				F1BBD073288902D800C290B7 /* EntriesController.swift */,
				F19B36C2288E624B0017B50F /* InsightsController.swift */,
				F19B36CC288ECB600017B50F /* TagTableController.swift */,
			);
			path = Controller;
			sourceTree = "<group>";
		};
		F1BC8A3E2887FC5A00604C23 /* View */ = {
			isa = PBXGroup;
			children = (
				F19B36C7288E90DE0017B50F /* CustomComponent */,
				F1BBD0792889071300C290B7 /* Table Cell */,
				F1494EAA288983540042C0E7 /* Formatting */,
				F1BC8A242887F5B500604C23 /* Main.storyboard */,
				F1BC8A292887F5B800604C23 /* LaunchScreen.storyboard */,
				F1BC8A272887F5B800604C23 /* Assets.xcassets */,
				F1BC8A4828880EC500604C23 /* AddEditEntryNode.swift */,
				F1BC8A512888345800604C23 /* AddTagNode.swift */,
				F1BBD06F2888F54E00C290B7 /* AddNoteNode.swift */,
				F1BBD076288902ED00C290B7 /* EntriesNode.swift */,
				F19B36CE288ECB770017B50F /* TagListNode.swift */,
			);
			path = View;
			sourceTree = "<group>";
		};
		F1BC8A40288806BB00604C23 /* Model */ = {
			isa = PBXGroup;
			children = (
				F12C0F17289152FD00E90D73 /* Enum */,
				F1BBD07F288910AB00C290B7 /* MoodLog.swift */,
				F12C0F15289152F700E90D73 /* WeekRange.swift */,
			);
			path = Model;
			sourceTree = "<group>";
		};
		F6578A2BF1EC34DFA3347CA8 /* Pods */ = {
			isa = PBXGroup;
			children = (
				D3C1BEC67B1223406F36E770 /* Pods-MoodTracker.debug.xcconfig */,
				AD7AB4BE5EEB43519037FB71 /* Pods-MoodTracker.release.xcconfig */,
			);
			path = Pods;
			sourceTree = "<group>";
		};
/* End PBXGroup section */

/* Begin PBXNativeTarget section */
		F1BC8A1A2887F5B500604C23 /* MoodTracker */ = {
			isa = PBXNativeTarget;
			buildConfigurationList = F1BC8A2F2887F5B800604C23 /* Build configuration list for PBXNativeTarget "MoodTracker" */;
			buildPhases = (
				71EB143FAB470394F140820C /* [CP] Check Pods Manifest.lock */,
				F1BC8A172887F5B500604C23 /* Sources */,
				F1BC8A182887F5B500604C23 /* Frameworks */,
				F1BC8A192887F5B500604C23 /* Resources */,
				3846C73F9FD8A50162A8B404 /* [CP] Embed Pods Frameworks */,
			);
			buildRules = (
			);
			dependencies = (
			);
			name = MoodTracker;
			productName = MoodTracker;
			productReference = F1BC8A1B2887F5B500604C23 /* MoodTracker.app */;
			productType = "com.apple.product-type.application";
		};
/* End PBXNativeTarget section */

/* Begin PBXProject section */
		F1BC8A132887F5B500604C23 /* Project object */ = {
			isa = PBXProject;
			attributes = {
				LastSwiftUpdateCheck = 1240;
				LastUpgradeCheck = 1240;
				TargetAttributes = {
					F1BC8A1A2887F5B500604C23 = {
						CreatedOnToolsVersion = 12.4;
					};
				};
			};
			buildConfigurationList = F1BC8A162887F5B500604C23 /* Build configuration list for PBXProject "MoodTracker" */;
			compatibilityVersion = "Xcode 9.3";
			developmentRegion = en;
			hasScannedForEncodings = 0;
			knownRegions = (
				en,
				Base,
			);
			mainGroup = F1BC8A122887F5B500604C23;
			productRefGroup = F1BC8A1C2887F5B500604C23 /* Products */;
			projectDirPath = "";
			projectRoot = "";
			targets = (
				F1BC8A1A2887F5B500604C23 /* MoodTracker */,
			);
		};
/* End PBXProject section */

/* Begin PBXResourcesBuildPhase section */
		F1BC8A192887F5B500604C23 /* Resources */ = {
			isa = PBXResourcesBuildPhase;
			buildActionMask = 2147483647;
			files = (
				F1BC8A2B2887F5B800604C23 /* LaunchScreen.storyboard in Resources */,
				F1BC8A282887F5B800604C23 /* Assets.xcassets in Resources */,
				F1BC8A262887F5B500604C23 /* Main.storyboard in Resources */,
			);
			runOnlyForDeploymentPostprocessing = 0;
		};
/* End PBXResourcesBuildPhase section */

/* Begin PBXShellScriptBuildPhase section */
		3846C73F9FD8A50162A8B404 /* [CP] Embed Pods Frameworks */ = {
			isa = PBXShellScriptBuildPhase;
			buildActionMask = 2147483647;
			files = (
			);
			inputFileListPaths = (
				"${PODS_ROOT}/Target Support Files/Pods-MoodTracker/Pods-MoodTracker-frameworks-${CONFIGURATION}-input-files.xcfilelist",
			);
			name = "[CP] Embed Pods Frameworks";
			outputFileListPaths = (
				"${PODS_ROOT}/Target Support Files/Pods-MoodTracker/Pods-MoodTracker-frameworks-${CONFIGURATION}-output-files.xcfilelist",
			);
			runOnlyForDeploymentPostprocessing = 0;
			shellPath = /bin/sh;
			shellScript = "\"${PODS_ROOT}/Target Support Files/Pods-MoodTracker/Pods-MoodTracker-frameworks.sh\"\n";
			showEnvVarsInLog = 0;
		};
		71EB143FAB470394F140820C /* [CP] Check Pods Manifest.lock */ = {
			isa = PBXShellScriptBuildPhase;
			buildActionMask = 2147483647;
			files = (
			);
			inputFileListPaths = (
			);
			inputPaths = (
				"${PODS_PODFILE_DIR_PATH}/Podfile.lock",
				"${PODS_ROOT}/Manifest.lock",
			);
			name = "[CP] Check Pods Manifest.lock";
			outputFileListPaths = (
			);
			outputPaths = (
				"$(DERIVED_FILE_DIR)/Pods-MoodTracker-checkManifestLockResult.txt",
			);
			runOnlyForDeploymentPostprocessing = 0;
			shellPath = /bin/sh;
			shellScript = "diff \"${PODS_PODFILE_DIR_PATH}/Podfile.lock\" \"${PODS_ROOT}/Manifest.lock\" > /dev/null\nif [ $? != 0 ] ; then\n    # print error to STDERR\n    echo \"error: The sandbox is not in sync with the Podfile.lock. Run 'pod install' or update your CocoaPods installation.\" >&2\n    exit 1\nfi\n# This output is used by Xcode 'outputs' to avoid re-running this script phase.\necho \"SUCCESS\" > \"${SCRIPT_OUTPUT_FILE_0}\"\n";
			showEnvVarsInLog = 0;
		};
/* End PBXShellScriptBuildPhase section */

/* Begin PBXSourcesBuildPhase section */
		F1BC8A172887F5B500604C23 /* Sources */ = {
			isa = PBXSourcesBuildPhase;
			buildActionMask = 2147483647;
			files = (
				F1952B84288A8135005BD0CC /* DateFormat.swift in Sources */,
				F1BBD077288902ED00C290B7 /* EntriesNode.swift in Sources */,
				F1BC8A522888345800604C23 /* AddTagNode.swift in Sources */,
				F1952B94288A83F3005BD0CC /* MoodReducer.swift in Sources */,
				F19B36CF288ECB770017B50F /* TagListNode.swift in Sources */,
				F1BBD080288910AB00C290B7 /* MoodLog.swift in Sources */,
				F19B36C9288E91040017B50F /* ASCustomButton.swift in Sources */,
				F1BC8A232887F5B500604C23 /* NavController.swift in Sources */,
				F1BBD074288902D800C290B7 /* EntriesController.swift in Sources */,
				F1BBD07D28890B5700C290B7 /* EntryCell.swift in Sources */,
				F12C0F16289152F800E90D73 /* WeekRange.swift in Sources */,
				F19B36D1288ECC9D0017B50F /* TagCell.swift in Sources */,
				F1BC8A1F2887F5B500604C23 /* AppDelegate.swift in Sources */,
				F18ED373288D7196007E33B9 /* NoteEnum.swift in Sources */,
				F1BC8A4F2888344900604C23 /* AddTagsController.swift in Sources */,
				F1952B97288A8416005BD0CC /* MoodActions.swift in Sources */,
				F19B36CD288ECB600017B50F /* TagTableController.swift in Sources */,
				F1BC8A212887F5B500604C23 /* SceneDelegate.swift in Sources */,
				F18774AA28902DFB00631330 /* DateTypeEnum.swift in Sources */,
				F1952B9B288A8B38005BD0CC /* TabBarController.swift in Sources */,
				F1BBD06D2888F53000C290B7 /* AddNoteController.swift in Sources */,
				F1BC8A4328880A6D00604C23 /* AddEditEntryController.swift in Sources */,
				F19B36C3288E624B0017B50F /* InsightsController.swift in Sources */,
				F18C2A27288D349300008B07 /* CustomTabBar.swift in Sources */,
				F1BBD0702888F54E00C290B7 /* AddNoteNode.swift in Sources */,
				F1BC8A4928880EC500604C23 /* AddEditEntryNode.swift in Sources */,
				F1952B90288A83E7005BD0CC /* MoodState.swift in Sources */,
				F1952B7F288A8046005BD0CC /* AttributesFormat.swift in Sources */,
			);
			runOnlyForDeploymentPostprocessing = 0;
		};
/* End PBXSourcesBuildPhase section */

/* Begin PBXVariantGroup section */
		F1BC8A242887F5B500604C23 /* Main.storyboard */ = {
			isa = PBXVariantGroup;
			children = (
				F1BC8A252887F5B500604C23 /* Base */,
			);
			name = Main.storyboard;
			sourceTree = "<group>";
		};
		F1BC8A292887F5B800604C23 /* LaunchScreen.storyboard */ = {
			isa = PBXVariantGroup;
			children = (
				F1BC8A2A2887F5B800604C23 /* Base */,
			);
			name = LaunchScreen.storyboard;
			sourceTree = "<group>";
		};
/* End PBXVariantGroup section */

/* Begin XCBuildConfiguration section */
		F1BC8A2D2887F5B800604C23 /* Debug */ = {
			isa = XCBuildConfiguration;
			buildSettings = {
				ALWAYS_SEARCH_USER_PATHS = NO;
				CLANG_ANALYZER_NONNULL = YES;
				CLANG_ANALYZER_NUMBER_OBJECT_CONVERSION = YES_AGGRESSIVE;
				CLANG_CXX_LANGUAGE_STANDARD = "gnu++14";
				CLANG_CXX_LIBRARY = "libc++";
				CLANG_ENABLE_MODULES = YES;
				CLANG_ENABLE_OBJC_ARC = YES;
				CLANG_ENABLE_OBJC_WEAK = YES;
				CLANG_WARN_BLOCK_CAPTURE_AUTORELEASING = YES;
				CLANG_WARN_BOOL_CONVERSION = YES;
				CLANG_WARN_COMMA = YES;
				CLANG_WARN_CONSTANT_CONVERSION = YES;
				CLANG_WARN_DEPRECATED_OBJC_IMPLEMENTATIONS = YES;
				CLANG_WARN_DIRECT_OBJC_ISA_USAGE = YES_ERROR;
				CLANG_WARN_DOCUMENTATION_COMMENTS = YES;
				CLANG_WARN_EMPTY_BODY = YES;
				CLANG_WARN_ENUM_CONVERSION = YES;
				CLANG_WARN_INFINITE_RECURSION = YES;
				CLANG_WARN_INT_CONVERSION = YES;
				CLANG_WARN_NON_LITERAL_NULL_CONVERSION = YES;
				CLANG_WARN_OBJC_IMPLICIT_RETAIN_SELF = YES;
				CLANG_WARN_OBJC_LITERAL_CONVERSION = YES;
				CLANG_WARN_OBJC_ROOT_CLASS = YES_ERROR;
				CLANG_WARN_QUOTED_INCLUDE_IN_FRAMEWORK_HEADER = YES;
				CLANG_WARN_RANGE_LOOP_ANALYSIS = YES;
				CLANG_WARN_STRICT_PROTOTYPES = YES;
				CLANG_WARN_SUSPICIOUS_MOVE = YES;
				CLANG_WARN_UNGUARDED_AVAILABILITY = YES_AGGRESSIVE;
				CLANG_WARN_UNREACHABLE_CODE = YES;
				CLANG_WARN__DUPLICATE_METHOD_MATCH = YES;
				COPY_PHASE_STRIP = NO;
				DEBUG_INFORMATION_FORMAT = dwarf;
				ENABLE_STRICT_OBJC_MSGSEND = YES;
				ENABLE_TESTABILITY = YES;
				GCC_C_LANGUAGE_STANDARD = gnu11;
				GCC_DYNAMIC_NO_PIC = NO;
				GCC_NO_COMMON_BLOCKS = YES;
				GCC_OPTIMIZATION_LEVEL = 0;
				GCC_PREPROCESSOR_DEFINITIONS = (
					"DEBUG=1",
					"$(inherited)",
				);
				GCC_WARN_64_TO_32_BIT_CONVERSION = YES;
				GCC_WARN_ABOUT_RETURN_TYPE = YES_ERROR;
				GCC_WARN_UNDECLARED_SELECTOR = YES;
				GCC_WARN_UNINITIALIZED_AUTOS = YES_AGGRESSIVE;
				GCC_WARN_UNUSED_FUNCTION = YES;
				GCC_WARN_UNUSED_VARIABLE = YES;
				IPHONEOS_DEPLOYMENT_TARGET = 14.4;
				MTL_ENABLE_DEBUG_INFO = INCLUDE_SOURCE;
				MTL_FAST_MATH = YES;
				ONLY_ACTIVE_ARCH = YES;
				SDKROOT = iphoneos;
				SWIFT_ACTIVE_COMPILATION_CONDITIONS = DEBUG;
				SWIFT_OPTIMIZATION_LEVEL = "-Onone";
			};
			name = Debug;
		};
		F1BC8A2E2887F5B800604C23 /* Release */ = {
			isa = XCBuildConfiguration;
			buildSettings = {
				ALWAYS_SEARCH_USER_PATHS = NO;
				CLANG_ANALYZER_NONNULL = YES;
				CLANG_ANALYZER_NUMBER_OBJECT_CONVERSION = YES_AGGRESSIVE;
				CLANG_CXX_LANGUAGE_STANDARD = "gnu++14";
				CLANG_CXX_LIBRARY = "libc++";
				CLANG_ENABLE_MODULES = YES;
				CLANG_ENABLE_OBJC_ARC = YES;
				CLANG_ENABLE_OBJC_WEAK = YES;
				CLANG_WARN_BLOCK_CAPTURE_AUTORELEASING = YES;
				CLANG_WARN_BOOL_CONVERSION = YES;
				CLANG_WARN_COMMA = YES;
				CLANG_WARN_CONSTANT_CONVERSION = YES;
				CLANG_WARN_DEPRECATED_OBJC_IMPLEMENTATIONS = YES;
				CLANG_WARN_DIRECT_OBJC_ISA_USAGE = YES_ERROR;
				CLANG_WARN_DOCUMENTATION_COMMENTS = YES;
				CLANG_WARN_EMPTY_BODY = YES;
				CLANG_WARN_ENUM_CONVERSION = YES;
				CLANG_WARN_INFINITE_RECURSION = YES;
				CLANG_WARN_INT_CONVERSION = YES;
				CLANG_WARN_NON_LITERAL_NULL_CONVERSION = YES;
				CLANG_WARN_OBJC_IMPLICIT_RETAIN_SELF = YES;
				CLANG_WARN_OBJC_LITERAL_CONVERSION = YES;
				CLANG_WARN_OBJC_ROOT_CLASS = YES_ERROR;
				CLANG_WARN_QUOTED_INCLUDE_IN_FRAMEWORK_HEADER = YES;
				CLANG_WARN_RANGE_LOOP_ANALYSIS = YES;
				CLANG_WARN_STRICT_PROTOTYPES = YES;
				CLANG_WARN_SUSPICIOUS_MOVE = YES;
				CLANG_WARN_UNGUARDED_AVAILABILITY = YES_AGGRESSIVE;
				CLANG_WARN_UNREACHABLE_CODE = YES;
				CLANG_WARN__DUPLICATE_METHOD_MATCH = YES;
				COPY_PHASE_STRIP = NO;
				DEBUG_INFORMATION_FORMAT = "dwarf-with-dsym";
				ENABLE_NS_ASSERTIONS = NO;
				ENABLE_STRICT_OBJC_MSGSEND = YES;
				GCC_C_LANGUAGE_STANDARD = gnu11;
				GCC_NO_COMMON_BLOCKS = YES;
				GCC_WARN_64_TO_32_BIT_CONVERSION = YES;
				GCC_WARN_ABOUT_RETURN_TYPE = YES_ERROR;
				GCC_WARN_UNDECLARED_SELECTOR = YES;
				GCC_WARN_UNINITIALIZED_AUTOS = YES_AGGRESSIVE;
				GCC_WARN_UNUSED_FUNCTION = YES;
				GCC_WARN_UNUSED_VARIABLE = YES;
				IPHONEOS_DEPLOYMENT_TARGET = 14.4;
				MTL_ENABLE_DEBUG_INFO = NO;
				MTL_FAST_MATH = YES;
				SDKROOT = iphoneos;
				SWIFT_COMPILATION_MODE = wholemodule;
				SWIFT_OPTIMIZATION_LEVEL = "-O";
				VALIDATE_PRODUCT = YES;
			};
			name = Release;
		};
		F1BC8A302887F5B800604C23 /* Debug */ = {
			isa = XCBuildConfiguration;
			baseConfigurationReference = D3C1BEC67B1223406F36E770 /* Pods-MoodTracker.debug.xcconfig */;
			buildSettings = {
				ASSETCATALOG_COMPILER_APPICON_NAME = AppIcon;
				ASSETCATALOG_COMPILER_GLOBAL_ACCENT_COLOR_NAME = AccentColor;
				CODE_SIGN_STYLE = Automatic;
				INFOPLIST_FILE = MoodTracker/Info.plist;
				LD_RUNPATH_SEARCH_PATHS = (
					"$(inherited)",
					"@executable_path/Frameworks",
				);
				PRODUCT_BUNDLE_IDENTIFIER = com.ivytan.MoodTracker;
				PRODUCT_NAME = "$(TARGET_NAME)";
				SWIFT_VERSION = 5.0;
				TARGETED_DEVICE_FAMILY = "1,2";
			};
			name = Debug;
		};
		F1BC8A312887F5B800604C23 /* Release */ = {
			isa = XCBuildConfiguration;
			baseConfigurationReference = AD7AB4BE5EEB43519037FB71 /* Pods-MoodTracker.release.xcconfig */;
			buildSettings = {
				ASSETCATALOG_COMPILER_APPICON_NAME = AppIcon;
				ASSETCATALOG_COMPILER_GLOBAL_ACCENT_COLOR_NAME = AccentColor;
				CODE_SIGN_STYLE = Automatic;
				INFOPLIST_FILE = MoodTracker/Info.plist;
				LD_RUNPATH_SEARCH_PATHS = (
					"$(inherited)",
					"@executable_path/Frameworks",
				);
				PRODUCT_BUNDLE_IDENTIFIER = com.ivytan.MoodTracker;
				PRODUCT_NAME = "$(TARGET_NAME)";
				SWIFT_VERSION = 5.0;
				TARGETED_DEVICE_FAMILY = "1,2";
			};
			name = Release;
		};
/* End XCBuildConfiguration section */

/* Begin XCConfigurationList section */
		F1BC8A162887F5B500604C23 /* Build configuration list for PBXProject "MoodTracker" */ = {
			isa = XCConfigurationList;
			buildConfigurations = (
				F1BC8A2D2887F5B800604C23 /* Debug */,
				F1BC8A2E2887F5B800604C23 /* Release */,
			);
			defaultConfigurationIsVisible = 0;
			defaultConfigurationName = Release;
		};
		F1BC8A2F2887F5B800604C23 /* Build configuration list for PBXNativeTarget "MoodTracker" */ = {
			isa = XCConfigurationList;
			buildConfigurations = (
				F1BC8A302887F5B800604C23 /* Debug */,
				F1BC8A312887F5B800604C23 /* Release */,
			);
			defaultConfigurationIsVisible = 0;
			defaultConfigurationName = Release;
		};
/* End XCConfigurationList section */
	};
	rootObject = F1BC8A132887F5B500604C23 /* Project object */;
}
